
Microsoft Visual Studio Solution File, Format Version 12.00
# Visual Studio 15
VisualStudioVersion = 15.0.27703.2026
MinimumVisualStudioVersion = 10.0.40219.1
Project("{FAE04EC0-301F-11D3-BF4B-00C04F79EFBC}") = "Saklambac.NetFramework", "Saklambac.NetFramework\Saklambac.NetFramework.csproj", "{9D429B92-4BE2-47AD-B800-CE2B7AB19350}"
EndProject
Project("{FAE04EC0-301F-11D3-BF4B-00C04F79EFBC}") = "Saklambac.NetCore", "Saklambac.NetCore\Saklambac.NetCore.csproj", "{AA7B4F10-2E15-486A-B235-25983656E756}"
EndProject
Global
	GlobalSection(SolutionConfigurationPlatforms) = preSolution
		Debug|Any CPU = Debug|Any CPU
		Release|Any CPU = Release|Any CPU
	EndGlobalSection
	GlobalSection(ProjectConfigurationPlatforms) = postSolution
		{9D429B92-4BE2-47AD-B800-CE2B7AB19350}.Debug|Any CPU.ActiveCfg = Debug|Any CPU
		{9D429B92-4BE2-47AD-B800-CE2B7AB19350}.Debug|Any CPU.Build.0 = Debug|Any CPU
		{9D429B92-4BE2-47AD-B800-CE2B7AB19350}.Release|Any CPU.ActiveCfg = Release|Any CPU
		{9D429B92-4BE2-47AD-B800-CE2B7AB19350}.Release|Any CPU.Build.0 = Release|Any CPU
		{AA7B4F10-2E15-486A-B235-25983656E756}.Debug|Any CPU.ActiveCfg = Debug|Any CPU
		{AA7B4F10-2E15-486A-B235-25983656E756}.Debug|Any CPU.Build.0 = Debug|Any CPU
		{AA7B4F10-2E15-486A-B235-25983656E756}.Release|Any CPU.ActiveCfg = Release|Any CPU
		{AA7B4F10-2E15-486A-B235-25983656E756}.Release|Any CPU.Build.0 = Release|Any CPU
	EndGlobalSection
	GlobalSection(SolutionProperties) = preSolution
		HideSolutionNode = FALSE
	EndGlobalSection
	GlobalSection(ExtensibilityGlobals) = postSolution
		SolutionGuid = {9FD18D3A-1453-4131-90B1-77D679221C36}
	EndGlobalSection
EndGlobal
